{
  "object": {
    "pins": [
      {
        "package": "CoreCrypto",
        "repositoryURL": "https://github.com/stossy11/CoreCrypto-SPM",
        "state": {
          "branch": "master",
          "revision": "e26af6cff20579944df1661bf5b895eb9d2ae291",
          "version": null
        }
      },
      {
        "package": "ZSignApple",
        "repositoryURL": "https://github.com/zwsn/zsign-ios.git",
        "state": {
          "branch": "main",
          "revision": "a7f275fb4830ea48adf536fcddee7d05471970d0",
          "version": null
        }
      }
    ]
  },
  "version": 1
}
