{
  "object": {
    "pins": [
      {
        "package": "CoreCrypto",
        "repositoryURL": "https://github.com/stossy11/CoreCrypto-SPM",
        "state": {
          "branch": "master",
          "revision": "32afe5672e5a1bb8cdaf8d46f6558af91c9dc197",
          "version": null
        }
      },
      {
        "package": "Zip",
        "repositoryURL": "https://github.com/marmelroy/Zip.git",
        "state": {
          "branch": "master",
          "revision": "bca30f6d6c7d37cbc4aa8f6b0002e281dcc36195",
          "version": null
        }
      },
      {
        "package": "ZSignApple",
        "repositoryURL": "https://github.com/zwsn/zsign-ios.git",
        "state": {
          "branch": "main",
          "revision": "a7f275fb4830ea48adf536fcddee7d05471970d0",
          "version": null
        }
      }
    ]
  },
  "version": 1
}
