{
  "originHash" : "c30bafd1140c8e932a4eb7e0233b710a0f7fa93aa8aa59a756e1bcbee7a64f91",
  "pins" : [
    {
      "identity" : "zsign-ios",
      "kind" : "remoteSourceControl",
      "location" : "https://github.com/zwsn/zsign-ios.git",
      "state" : {
        "branch" : "main",
        "revision" : "a7f275fb4830ea48adf536fcddee7d05471970d0"
      }
    }
  ],
  "version" : 3
}
